
Microsoft Visual Studio Solution File, Format Version 12.00
# Visual Studio Version 16
VisualStudioVersion = 16.0.30225.117
MinimumVisualStudioVersion = 10.0.40219.1
Project("{F184B08F-C81C-45F6-A57F-5ABD9991F28F}") = "ColorPAD Pro", "ColorPAD Pro.vbproj", "{23B61A60-0375-490F-A326-29993055CA11}"
EndProject
Global
	GlobalSection(SolutionConfigurationPlatforms) = preSolution
		Debug|Any CPU = Debug|Any CPU
		Release|Any CPU = Release|Any CPU
	EndGlobalSection
	GlobalSection(ProjectConfigurationPlatforms) = postSolution
		{23B61A60-0375-490F-A326-29993055CA11}.Debug|Any CPU.ActiveCfg = Debug|Any CPU
		{23B61A60-0375-490F-A326-29993055CA11}.Debug|Any CPU.Build.0 = Debug|Any CPU
		{23B61A60-0375-490F-A326-29993055CA11}.Release|Any CPU.ActiveCfg = Release|Any CPU
		{23B61A60-0375-490F-A326-29993055CA11}.Release|Any CPU.Build.0 = Release|Any CPU
	EndGlobalSection
	GlobalSection(SolutionProperties) = preSolution
		HideSolutionNode = FALSE
	EndGlobalSection
	GlobalSection(ExtensibilityGlobals) = postSolution
		SolutionGuid = {8A16D724-4737-41C4-A5B4-70202C65307B}
	EndGlobalSection
EndGlobal
